
Microsoft Visual Studio Solution File, Format Version 12.00
# Visual Studio Version 16
VisualStudioVersion = 16.0.30717.126
MinimumVisualStudioVersion = 10.0.40219.1
Project("{FAE04EC0-301F-11D3-BF4B-00C04F79EFBC}") = "Biblioteca", "Biblioteca\Biblioteca.csproj", "{4C26EFCB-3493-47B6-BBB6-708713D22753}"
EndProject
Global
	GlobalSection(SolutionConfigurationPlatforms) = preSolution
		Debug|Any CPU = Debug|Any CPU
		Release|Any CPU = Release|Any CPU
	EndGlobalSection
	GlobalSection(ProjectConfigurationPlatforms) = postSolution
		{4C26EFCB-3493-47B6-BBB6-708713D22753}.Debug|Any CPU.ActiveCfg = Debug|Any CPU
		{4C26EFCB-3493-47B6-BBB6-708713D22753}.Debug|Any CPU.Build.0 = Debug|Any CPU
		{4C26EFCB-3493-47B6-BBB6-708713D22753}.Release|Any CPU.ActiveCfg = Release|Any CPU
		{4C26EFCB-3493-47B6-BBB6-708713D22753}.Release|Any CPU.Build.0 = Release|Any CPU
	EndGlobalSection
	GlobalSection(SolutionProperties) = preSolution
		HideSolutionNode = FALSE
	EndGlobalSection
	GlobalSection(ExtensibilityGlobals) = postSolution
		SolutionGuid = {00F771A8-49A8-4385-9096-F4C49F219CE0}
	EndGlobalSection
EndGlobal
